
Microsoft Visual Studio Solution File, Format Version 12.00
# Visual Studio Version 16
VisualStudioVersion = 16.0.31515.178
MinimumVisualStudioVersion = 10.0.40219.1
Project("{FAE04EC0-301F-11D3-BF4B-00C04F79EFBC}") = "DailySubmitProject", "DailySubmitProject\DailySubmitProject.csproj", "{AC25ECC1-CC90-4A0B-9DD4-84F0CB8C5E65}"
EndProject
Global
	GlobalSection(SolutionConfigurationPlatforms) = preSolution
		Debug|Any CPU = Debug|Any CPU
		Release|Any CPU = Release|Any CPU
	EndGlobalSection
	GlobalSection(ProjectConfigurationPlatforms) = postSolution
		{AC25ECC1-CC90-4A0B-9DD4-84F0CB8C5E65}.Debug|Any CPU.ActiveCfg = Debug|Any CPU
		{AC25ECC1-CC90-4A0B-9DD4-84F0CB8C5E65}.Debug|Any CPU.Build.0 = Debug|Any CPU
		{AC25ECC1-CC90-4A0B-9DD4-84F0CB8C5E65}.Release|Any CPU.ActiveCfg = Release|Any CPU
		{AC25ECC1-CC90-4A0B-9DD4-84F0CB8C5E65}.Release|Any CPU.Build.0 = Release|Any CPU
	EndGlobalSection
	GlobalSection(SolutionProperties) = preSolution
		HideSolutionNode = FALSE
	EndGlobalSection
	GlobalSection(ExtensibilityGlobals) = postSolution
		SolutionGuid = {B381CBE6-4AE8-43E0-BE02-4F1E05319393}
	EndGlobalSection
EndGlobal
