
Microsoft Visual Studio Solution File, Format Version 12.00
# Visual Studio Version 16
VisualStudioVersion = 16.0.31515.178
MinimumVisualStudioVersion = 10.0.40219.1
Project("{FAE04EC0-301F-11D3-BF4B-00C04F79EFBC}") = "Parameters Submission", "Parameters Submission\Parameters Submission.csproj", "{6869AE26-9F25-4196-9409-11833D31AF1A}"
EndProject
Global
	GlobalSection(SolutionConfigurationPlatforms) = preSolution
		Debug|Any CPU = Debug|Any CPU
		Release|Any CPU = Release|Any CPU
	EndGlobalSection
	GlobalSection(ProjectConfigurationPlatforms) = postSolution
		{6869AE26-9F25-4196-9409-11833D31AF1A}.Debug|Any CPU.ActiveCfg = Debug|Any CPU
		{6869AE26-9F25-4196-9409-11833D31AF1A}.Debug|Any CPU.Build.0 = Debug|Any CPU
		{6869AE26-9F25-4196-9409-11833D31AF1A}.Release|Any CPU.ActiveCfg = Release|Any CPU
		{6869AE26-9F25-4196-9409-11833D31AF1A}.Release|Any CPU.Build.0 = Release|Any CPU
	EndGlobalSection
	GlobalSection(SolutionProperties) = preSolution
		HideSolutionNode = FALSE
	EndGlobalSection
	GlobalSection(ExtensibilityGlobals) = postSolution
		SolutionGuid = {502FE300-6AB6-4978-B833-15AE457C94DB}
	EndGlobalSection
EndGlobal
